// !$*UTF8*$!
{
	archiveVersion = 1;
	classes = {
	};
	objectVersion = 56;
	objects = {

/* Begin PBXBuildFile section */
		54005E7F29DD604700B7952E /* AppDelegate.swift in Sources */ = {isa = PBXBuildFile; fileRef = 54005E7E29DD604700B7952E /* AppDelegate.swift */; };
		54005E8129DD604700B7952E /* SceneDelegate.swift in Sources */ = {isa = PBXBuildFile; fileRef = 54005E8029DD604700B7952E /* SceneDelegate.swift */; };
		54005E8329DD604700B7952E /* ViewController.swift in Sources */ = {isa = PBXBuildFile; fileRef = 54005E8229DD604700B7952E /* ViewController.swift */; };
		54005E8629DD604700B7952E /* Main.storyboard in Resources */ = {isa = PBXBuildFile; fileRef = 54005E8429DD604700B7952E /* Main.storyboard */; };
		54005E8829DD604900B7952E /* Assets.xcassets in Resources */ = {isa = PBXBuildFile; fileRef = 54005E8729DD604900B7952E /* Assets.xcassets */; };
		54005E8B29DD604900B7952E /* LaunchScreen.storyboard in Resources */ = {isa = PBXBuildFile; fileRef = 54005E8929DD604900B7952E /* LaunchScreen.storyboard */; };
		54005E9629DD604900B7952E /* EssentialFeedTests.swift in Sources */ = {isa = PBXBuildFile; fileRef = 54005E9529DD604900B7952E /* EssentialFeedTests.swift */; };
		54005EA029DD604900B7952E /* EssentialFeedUITests.swift in Sources */ = {isa = PBXBuildFile; fileRef = 54005E9F29DD604900B7952E /* EssentialFeedUITests.swift */; };
		54005EA229DD604900B7952E /* EssentialFeedUITestsLaunchTests.swift in Sources */ = {isa = PBXBuildFile; fileRef = 54005EA129DD604900B7952E /* EssentialFeedUITestsLaunchTests.swift */; };
		54005EB029DD606D00B7952E /* FeedItem.swift in Sources */ = {isa = PBXBuildFile; fileRef = 54005EAF29DD606D00B7952E /* FeedItem.swift */; };
		54005EB229DD60F500B7952E /* FeedLoader.swift in Sources */ = {isa = PBXBuildFile; fileRef = 54005EB129DD60F500B7952E /* FeedLoader.swift */; };
		54005EB429DD750E00B7952E /* RemoteFeedLoaderTest.swift in Sources */ = {isa = PBXBuildFile; fileRef = 54005EB329DD750E00B7952E /* RemoteFeedLoaderTest.swift */; };
		54005EB729DD8FD400B7952E /* RemoteFeedLoader.swift in Sources */ = {isa = PBXBuildFile; fileRef = 54005EB629DD8FD400B7952E /* RemoteFeedLoader.swift */; };
		54005EB929E97B9D00B7952E /* HTTPClient.swift in Sources */ = {isa = PBXBuildFile; fileRef = 54005EB829E97B9D00B7952E /* HTTPClient.swift */; };
		54005EBB29E97C1200B7952E /* FeedItemsMapper.swift in Sources */ = {isa = PBXBuildFile; fileRef = 54005EBA29E97C1200B7952E /* FeedItemsMapper.swift */; };
		54AA0A4029FEBFE7001F10C2 /* URLSessionHTTPClientTests.swift in Sources */ = {isa = PBXBuildFile; fileRef = 54AA0A3F29FEBFE7001F10C2 /* URLSessionHTTPClientTests.swift */; };
		54AA0A452A00FC49001F10C2 /* XCTestCase+MemoryLeakTracking.swift in Sources */ = {isa = PBXBuildFile; fileRef = 54AA0A442A00FC49001F10C2 /* XCTestCase+MemoryLeakTracking.swift */; };
		54AA0A472A013D4A001F10C2 /* URLSessionHTTPClient.swift in Sources */ = {isa = PBXBuildFile; fileRef = 54AA0A462A013D4A001F10C2 /* URLSessionHTTPClient.swift */; };
		54AA0A4F2A014B5A001F10C2 /* EssentialFeedAPIEndToEndTests.swift in Sources */ = {isa = PBXBuildFile; fileRef = 54AA0A4E2A014B5A001F10C2 /* EssentialFeedAPIEndToEndTests.swift */; };
/* End PBXBuildFile section */

/* Begin PBXContainerItemProxy section */
		54005E9229DD604900B7952E /* PBXContainerItemProxy */ = {
			isa = PBXContainerItemProxy;
			containerPortal = 54005E7329DD604700B7952E /* Project object */;
			proxyType = 1;
			remoteGlobalIDString = 54005E7A29DD604700B7952E;
			remoteInfo = EssentialFeed;
		};
		54005E9C29DD604900B7952E /* PBXContainerItemProxy */ = {
			isa = PBXContainerItemProxy;
			containerPortal = 54005E7329DD604700B7952E /* Project object */;
			proxyType = 1;
			remoteGlobalIDString = 54005E7A29DD604700B7952E;
			remoteInfo = EssentialFeed;
		};
		54AA0A502A014B5A001F10C2 /* PBXContainerItemProxy */ = {
			isa = PBXContainerItemProxy;
			containerPortal = 54005E7329DD604700B7952E /* Project object */;
			proxyType = 1;
			remoteGlobalIDString = 54005E7A29DD604700B7952E;
			remoteInfo = EssentialFeed;
		};
/* End PBXContainerItemProxy section */

/* Begin PBXFileReference section */
		54005E7B29DD604700B7952E /* EssentialFeed.app */ = {isa = PBXFileReference; explicitFileType = wrapper.application; includeInIndex = 0; path = EssentialFeed.app; sourceTree = BUILT_PRODUCTS_DIR; };
		54005E7E29DD604700B7952E /* AppDelegate.swift */ = {isa = PBXFileReference; lastKnownFileType = sourcecode.swift; path = AppDelegate.swift; sourceTree = "<group>"; };
		54005E8029DD604700B7952E /* SceneDelegate.swift */ = {isa = PBXFileReference; lastKnownFileType = sourcecode.swift; path = SceneDelegate.swift; sourceTree = "<group>"; };
		54005E8229DD604700B7952E /* ViewController.swift */ = {isa = PBXFileReference; lastKnownFileType = sourcecode.swift; path = ViewController.swift; sourceTree = "<group>"; };
		54005E8529DD604700B7952E /* Base */ = {isa = PBXFileReference; lastKnownFileType = file.storyboard; name = Base; path = Base.lproj/Main.storyboard; sourceTree = "<group>"; };
		54005E8729DD604900B7952E /* Assets.xcassets */ = {isa = PBXFileReference; lastKnownFileType = folder.assetcatalog; path = Assets.xcassets; sourceTree = "<group>"; };
		54005E8A29DD604900B7952E /* Base */ = {isa = PBXFileReference; lastKnownFileType = file.storyboard; name = Base; path = Base.lproj/LaunchScreen.storyboard; sourceTree = "<group>"; };
		54005E8C29DD604900B7952E /* Info.plist */ = {isa = PBXFileReference; lastKnownFileType = text.plist.xml; path = Info.plist; sourceTree = "<group>"; };
		54005E9129DD604900B7952E /* EssentialFeedTests.xctest */ = {isa = PBXFileReference; explicitFileType = wrapper.cfbundle; includeInIndex = 0; path = EssentialFeedTests.xctest; sourceTree = BUILT_PRODUCTS_DIR; };
		54005E9529DD604900B7952E /* EssentialFeedTests.swift */ = {isa = PBXFileReference; lastKnownFileType = sourcecode.swift; path = EssentialFeedTests.swift; sourceTree = "<group>"; };
		54005E9B29DD604900B7952E /* EssentialFeedUITests.xctest */ = {isa = PBXFileReference; explicitFileType = wrapper.cfbundle; includeInIndex = 0; path = EssentialFeedUITests.xctest; sourceTree = BUILT_PRODUCTS_DIR; };
		54005E9F29DD604900B7952E /* EssentialFeedUITests.swift */ = {isa = PBXFileReference; lastKnownFileType = sourcecode.swift; path = EssentialFeedUITests.swift; sourceTree = "<group>"; };
		54005EA129DD604900B7952E /* EssentialFeedUITestsLaunchTests.swift */ = {isa = PBXFileReference; lastKnownFileType = sourcecode.swift; path = EssentialFeedUITestsLaunchTests.swift; sourceTree = "<group>"; };
		54005EAF29DD606D00B7952E /* FeedItem.swift */ = {isa = PBXFileReference; lastKnownFileType = sourcecode.swift; path = FeedItem.swift; sourceTree = "<group>"; };
		54005EB129DD60F500B7952E /* FeedLoader.swift */ = {isa = PBXFileReference; lastKnownFileType = sourcecode.swift; path = FeedLoader.swift; sourceTree = "<group>"; };
		54005EB329DD750E00B7952E /* RemoteFeedLoaderTest.swift */ = {isa = PBXFileReference; lastKnownFileType = sourcecode.swift; path = RemoteFeedLoaderTest.swift; sourceTree = "<group>"; };
		54005EB629DD8FD400B7952E /* RemoteFeedLoader.swift */ = {isa = PBXFileReference; lastKnownFileType = sourcecode.swift; path = RemoteFeedLoader.swift; sourceTree = "<group>"; };
		54005EB829E97B9D00B7952E /* HTTPClient.swift */ = {isa = PBXFileReference; lastKnownFileType = sourcecode.swift; path = HTTPClient.swift; sourceTree = "<group>"; };
		54005EBA29E97C1200B7952E /* FeedItemsMapper.swift */ = {isa = PBXFileReference; lastKnownFileType = sourcecode.swift; path = FeedItemsMapper.swift; sourceTree = "<group>"; };
		54AA0A3F29FEBFE7001F10C2 /* URLSessionHTTPClientTests.swift */ = {isa = PBXFileReference; lastKnownFileType = sourcecode.swift; path = URLSessionHTTPClientTests.swift; sourceTree = "<group>"; };
		54AA0A442A00FC49001F10C2 /* XCTestCase+MemoryLeakTracking.swift */ = {isa = PBXFileReference; lastKnownFileType = sourcecode.swift; path = "XCTestCase+MemoryLeakTracking.swift"; sourceTree = "<group>"; };
		54AA0A462A013D4A001F10C2 /* URLSessionHTTPClient.swift */ = {isa = PBXFileReference; lastKnownFileType = sourcecode.swift; path = URLSessionHTTPClient.swift; sourceTree = "<group>"; };
		54AA0A4C2A014B5A001F10C2 /* EssentialFeedAPIEndToEndTests.xctest */ = {isa = PBXFileReference; explicitFileType = wrapper.cfbundle; includeInIndex = 0; path = EssentialFeedAPIEndToEndTests.xctest; sourceTree = BUILT_PRODUCTS_DIR; };
		54AA0A4E2A014B5A001F10C2 /* EssentialFeedAPIEndToEndTests.swift */ = {isa = PBXFileReference; lastKnownFileType = sourcecode.swift; path = EssentialFeedAPIEndToEndTests.swift; sourceTree = "<group>"; };
/* End PBXFileReference section */

/* Begin PBXFrameworksBuildPhase section */
		54005E7829DD604700B7952E /* Frameworks */ = {
			isa = PBXFrameworksBuildPhase;
			buildActionMask = 2147483647;
			files = (
			);
			runOnlyForDeploymentPostprocessing = 0;
		};
		54005E8E29DD604900B7952E /* Frameworks */ = {
			isa = PBXFrameworksBuildPhase;
			buildActionMask = 2147483647;
			files = (
			);
			runOnlyForDeploymentPostprocessing = 0;
		};
		54005E9829DD604900B7952E /* Frameworks */ = {
			isa = PBXFrameworksBuildPhase;
			buildActionMask = 2147483647;
			files = (
			);
			runOnlyForDeploymentPostprocessing = 0;
		};
		54AA0A492A014B5A001F10C2 /* Frameworks */ = {
			isa = PBXFrameworksBuildPhase;
			buildActionMask = 2147483647;
			files = (
			);
			runOnlyForDeploymentPostprocessing = 0;
		};
/* End PBXFrameworksBuildPhase section */

/* Begin PBXGroup section */
		54005E7229DD604700B7952E = {
			isa = PBXGroup;
			children = (
				54005E7D29DD604700B7952E /* EssentialFeed */,
				54005E9429DD604900B7952E /* EssentialFeedTests */,
				54005E9E29DD604900B7952E /* EssentialFeedUITests */,
				54AA0A4D2A014B5A001F10C2 /* EssentialFeedAPIEndToEndTests */,
				54005E7C29DD604700B7952E /* Products */,
			);
			sourceTree = "<group>";
		};
		54005E7C29DD604700B7952E /* Products */ = {
			isa = PBXGroup;
			children = (
				54005E7B29DD604700B7952E /* EssentialFeed.app */,
				54005E9129DD604900B7952E /* EssentialFeedTests.xctest */,
				54005E9B29DD604900B7952E /* EssentialFeedUITests.xctest */,
				54AA0A4C2A014B5A001F10C2 /* EssentialFeedAPIEndToEndTests.xctest */,
			);
			name = Products;
			sourceTree = "<group>";
		};
		54005E7D29DD604700B7952E /* EssentialFeed */ = {
			isa = PBXGroup;
			children = (
				54005E7E29DD604700B7952E /* AppDelegate.swift */,
				54005E8029DD604700B7952E /* SceneDelegate.swift */,
				54005E8229DD604700B7952E /* ViewController.swift */,
				54005E8429DD604700B7952E /* Main.storyboard */,
				54005E8729DD604900B7952E /* Assets.xcassets */,
				54005E8929DD604900B7952E /* LaunchScreen.storyboard */,
				54005E8C29DD604900B7952E /* Info.plist */,
				54005EAE29DD605A00B7952E /* FeedFeature */,
				54005EB529DD8FB200B7952E /* Feed API */,
			);
			path = EssentialFeed;
			sourceTree = "<group>";
		};
		54005E9429DD604900B7952E /* EssentialFeedTests */ = {
			isa = PBXGroup;
			children = (
				54005E9529DD604900B7952E /* EssentialFeedTests.swift */,
				54AA09EE29E9D55A001F10C2 /* Feed API */,
			);
			path = EssentialFeedTests;
			sourceTree = "<group>";
		};
		54005E9E29DD604900B7952E /* EssentialFeedUITests */ = {
			isa = PBXGroup;
			children = (
				54005E9F29DD604900B7952E /* EssentialFeedUITests.swift */,
				54005EA129DD604900B7952E /* EssentialFeedUITestsLaunchTests.swift */,
			);
			path = EssentialFeedUITests;
			sourceTree = "<group>";
		};
		54005EAE29DD605A00B7952E /* FeedFeature */ = {
			isa = PBXGroup;
			children = (
				54005EAF29DD606D00B7952E /* FeedItem.swift */,
				54005EB129DD60F500B7952E /* FeedLoader.swift */,
			);
			path = FeedFeature;
			sourceTree = "<group>";
		};
		54005EB529DD8FB200B7952E /* Feed API */ = {
			isa = PBXGroup;
			children = (
				54005EB629DD8FD400B7952E /* RemoteFeedLoader.swift */,
				54005EBA29E97C1200B7952E /* FeedItemsMapper.swift */,
				54005EB829E97B9D00B7952E /* HTTPClient.swift */,
				54AA0A462A013D4A001F10C2 /* URLSessionHTTPClient.swift */,
			);
			path = "Feed API";
			sourceTree = "<group>";
		};
		54AA09EE29E9D55A001F10C2 /* Feed API */ = {
			isa = PBXGroup;
			children = (
				54AA0A432A00FC04001F10C2 /* Helpers */,
				54005EB329DD750E00B7952E /* RemoteFeedLoaderTest.swift */,
				54AA0A3F29FEBFE7001F10C2 /* URLSessionHTTPClientTests.swift */,
			);
			path = "Feed API";
			sourceTree = "<group>";
		};
		54AA0A432A00FC04001F10C2 /* Helpers */ = {
			isa = PBXGroup;
			children = (
				54AA0A442A00FC49001F10C2 /* XCTestCase+MemoryLeakTracking.swift */,
			);
			path = Helpers;
			sourceTree = "<group>";
		};
		54AA0A4D2A014B5A001F10C2 /* EssentialFeedAPIEndToEndTests */ = {
			isa = PBXGroup;
			children = (
				54AA0A4E2A014B5A001F10C2 /* EssentialFeedAPIEndToEndTests.swift */,
			);
			path = EssentialFeedAPIEndToEndTests;
			sourceTree = "<group>";
		};
/* End PBXGroup section */

/* Begin PBXNativeTarget section */
		54005E7A29DD604700B7952E /* EssentialFeed */ = {
			isa = PBXNativeTarget;
			buildConfigurationList = 54005EA529DD604900B7952E /* Build configuration list for PBXNativeTarget "EssentialFeed" */;
			buildPhases = (
				54005E7729DD604700B7952E /* Sources */,
				54005E7829DD604700B7952E /* Frameworks */,
				54005E7929DD604700B7952E /* Resources */,
			);
			buildRules = (
			);
			dependencies = (
			);
			name = EssentialFeed;
			productName = EssentialFeed;
			productReference = 54005E7B29DD604700B7952E /* EssentialFeed.app */;
			productType = "com.apple.product-type.application";
		};
		54005E9029DD604900B7952E /* EssentialFeedTests */ = {
			isa = PBXNativeTarget;
			buildConfigurationList = 54005EA829DD604900B7952E /* Build configuration list for PBXNativeTarget "EssentialFeedTests" */;
			buildPhases = (
				54005E8D29DD604900B7952E /* Sources */,
				54005E8E29DD604900B7952E /* Frameworks */,
				54005E8F29DD604900B7952E /* Resources */,
			);
			buildRules = (
			);
			dependencies = (
				54005E9329DD604900B7952E /* PBXTargetDependency */,
			);
			name = EssentialFeedTests;
			productName = EssentialFeedTests;
			productReference = 54005E9129DD604900B7952E /* EssentialFeedTests.xctest */;
			productType = "com.apple.product-type.bundle.unit-test";
		};
		54005E9A29DD604900B7952E /* EssentialFeedUITests */ = {
			isa = PBXNativeTarget;
			buildConfigurationList = 54005EAB29DD604900B7952E /* Build configuration list for PBXNativeTarget "EssentialFeedUITests" */;
			buildPhases = (
				54005E9729DD604900B7952E /* Sources */,
				54005E9829DD604900B7952E /* Frameworks */,
				54005E9929DD604900B7952E /* Resources */,
			);
			buildRules = (
			);
			dependencies = (
				54005E9D29DD604900B7952E /* PBXTargetDependency */,
			);
			name = EssentialFeedUITests;
			productName = EssentialFeedUITests;
			productReference = 54005E9B29DD604900B7952E /* EssentialFeedUITests.xctest */;
			productType = "com.apple.product-type.bundle.ui-testing";
		};
		54AA0A4B2A014B5A001F10C2 /* EssentialFeedAPIEndToEndTests */ = {
			isa = PBXNativeTarget;
			buildConfigurationList = 54AA0A522A014B5A001F10C2 /* Build configuration list for PBXNativeTarget "EssentialFeedAPIEndToEndTests" */;
			buildPhases = (
				54AA0A482A014B5A001F10C2 /* Sources */,
				54AA0A492A014B5A001F10C2 /* Frameworks */,
				54AA0A4A2A014B5A001F10C2 /* Resources */,
			);
			buildRules = (
			);
			dependencies = (
				54AA0A512A014B5A001F10C2 /* PBXTargetDependency */,
			);
			name = EssentialFeedAPIEndToEndTests;
			productName = EssentialFeedAPIEndToEndTests;
			productReference = 54AA0A4C2A014B5A001F10C2 /* EssentialFeedAPIEndToEndTests.xctest */;
			productType = "com.apple.product-type.bundle.unit-test";
		};
/* End PBXNativeTarget section */

/* Begin PBXProject section */
		54005E7329DD604700B7952E /* Project object */ = {
			isa = PBXProject;
			attributes = {
				BuildIndependentTargetsInParallel = 1;
				LastSwiftUpdateCheck = 1420;
				LastUpgradeCheck = 1420;
				TargetAttributes = {
					54005E7A29DD604700B7952E = {
						CreatedOnToolsVersion = 14.2;
					};
					54005E9029DD604900B7952E = {
						CreatedOnToolsVersion = 14.2;
						TestTargetID = 54005E7A29DD604700B7952E;
					};
					54005E9A29DD604900B7952E = {
						CreatedOnToolsVersion = 14.2;
						TestTargetID = 54005E7A29DD604700B7952E;
					};
					54AA0A4B2A014B5A001F10C2 = {
						CreatedOnToolsVersion = 14.2;
						TestTargetID = 54005E7A29DD604700B7952E;
					};
				};
			};
			buildConfigurationList = 54005E7629DD604700B7952E /* Build configuration list for PBXProject "EssentialFeed" */;
			compatibilityVersion = "Xcode 14.0";
			developmentRegion = en;
			hasScannedForEncodings = 0;
			knownRegions = (
				en,
				Base,
			);
			mainGroup = 54005E7229DD604700B7952E;
			productRefGroup = 54005E7C29DD604700B7952E /* Products */;
			projectDirPath = "";
			projectRoot = "";
			targets = (
				54005E7A29DD604700B7952E /* EssentialFeed */,
				54005E9029DD604900B7952E /* EssentialFeedTests */,
				54005E9A29DD604900B7952E /* EssentialFeedUITests */,
				54AA0A4B2A014B5A001F10C2 /* EssentialFeedAPIEndToEndTests */,
			);
		};
/* End PBXProject section */

/* Begin PBXResourcesBuildPhase section */
		54005E7929DD604700B7952E /* Resources */ = {
			isa = PBXResourcesBuildPhase;
			buildActionMask = 2147483647;
			files = (
				54005E8B29DD604900B7952E /* LaunchScreen.storyboard in Resources */,
				54005E8829DD604900B7952E /* Assets.xcassets in Resources */,
				54005E8629DD604700B7952E /* Main.storyboard in Resources */,
			);
			runOnlyForDeploymentPostprocessing = 0;
		};
		54005E8F29DD604900B7952E /* Resources */ = {
			isa = PBXResourcesBuildPhase;
			buildActionMask = 2147483647;
			files = (
			);
			runOnlyForDeploymentPostprocessing = 0;
		};
		54005E9929DD604900B7952E /* Resources */ = {
			isa = PBXResourcesBuildPhase;
			buildActionMask = 2147483647;
			files = (
			);
			runOnlyForDeploymentPostprocessing = 0;
		};
		54AA0A4A2A014B5A001F10C2 /* Resources */ = {
			isa = PBXResourcesBuildPhase;
			buildActionMask = 2147483647;
			files = (
			);
			runOnlyForDeploymentPostprocessing = 0;
		};
/* End PBXResourcesBuildPhase section */

/* Begin PBXSourcesBuildPhase section */
		54005E7729DD604700B7952E /* Sources */ = {
			isa = PBXSourcesBuildPhase;
			buildActionMask = 2147483647;
			files = (
				54005EB029DD606D00B7952E /* FeedItem.swift in Sources */,
				54005E8329DD604700B7952E /* ViewController.swift in Sources */,
				54005E7F29DD604700B7952E /* AppDelegate.swift in Sources */,
				54005EBB29E97C1200B7952E /* FeedItemsMapper.swift in Sources */,
				54005EB929E97B9D00B7952E /* HTTPClient.swift in Sources */,
				54005EB229DD60F500B7952E /* FeedLoader.swift in Sources */,
				54005EB729DD8FD400B7952E /* RemoteFeedLoader.swift in Sources */,
				54005E8129DD604700B7952E /* SceneDelegate.swift in Sources */,
				54AA0A472A013D4A001F10C2 /* URLSessionHTTPClient.swift in Sources */,
			);
			runOnlyForDeploymentPostprocessing = 0;
		};
		54005E8D29DD604900B7952E /* Sources */ = {
			isa = PBXSourcesBuildPhase;
			buildActionMask = 2147483647;
			files = (
				54005EB429DD750E00B7952E /* RemoteFeedLoaderTest.swift in Sources */,
				54AA0A452A00FC49001F10C2 /* XCTestCase+MemoryLeakTracking.swift in Sources */,
				54AA0A4029FEBFE7001F10C2 /* URLSessionHTTPClientTests.swift in Sources */,
				54005E9629DD604900B7952E /* EssentialFeedTests.swift in Sources */,
			);
			runOnlyForDeploymentPostprocessing = 0;
		};
		54005E9729DD604900B7952E /* Sources */ = {
			isa = PBXSourcesBuildPhase;
			buildActionMask = 2147483647;
			files = (
				54005EA029DD604900B7952E /* EssentialFeedUITests.swift in Sources */,
				54005EA229DD604900B7952E /* EssentialFeedUITestsLaunchTests.swift in Sources */,
			);
			runOnlyForDeploymentPostprocessing = 0;
		};
		54AA0A482A014B5A001F10C2 /* Sources */ = {
			isa = PBXSourcesBuildPhase;
			buildActionMask = 2147483647;
			files = (
				54AA0A4F2A014B5A001F10C2 /* EssentialFeedAPIEndToEndTests.swift in Sources */,
			);
			runOnlyForDeploymentPostprocessing = 0;
		};
/* End PBXSourcesBuildPhase section */

/* Begin PBXTargetDependency section */
		54005E9329DD604900B7952E /* PBXTargetDependency */ = {
			isa = PBXTargetDependency;
			target = 54005E7A29DD604700B7952E /* EssentialFeed */;
			targetProxy = 54005E9229DD604900B7952E /* PBXContainerItemProxy */;
		};
		54005E9D29DD604900B7952E /* PBXTargetDependency */ = {
			isa = PBXTargetDependency;
			target = 54005E7A29DD604700B7952E /* EssentialFeed */;
			targetProxy = 54005E9C29DD604900B7952E /* PBXContainerItemProxy */;
		};
		54AA0A512A014B5A001F10C2 /* PBXTargetDependency */ = {
			isa = PBXTargetDependency;
			target = 54005E7A29DD604700B7952E /* EssentialFeed */;
			targetProxy = 54AA0A502A014B5A001F10C2 /* PBXContainerItemProxy */;
		};
/* End PBXTargetDependency section */

/* Begin PBXVariantGroup section */
		54005E8429DD604700B7952E /* Main.storyboard */ = {
			isa = PBXVariantGroup;
			children = (
				54005E8529DD604700B7952E /* Base */,
			);
			name = Main.storyboard;
			sourceTree = "<group>";
		};
		54005E8929DD604900B7952E /* LaunchScreen.storyboard */ = {
			isa = PBXVariantGroup;
			children = (
				54005E8A29DD604900B7952E /* Base */,
			);
			name = LaunchScreen.storyboard;
			sourceTree = "<group>";
		};
/* End PBXVariantGroup section */

/* Begin XCBuildConfiguration section */
		54005EA329DD604900B7952E /* Debug */ = {
			isa = XCBuildConfiguration;
			buildSettings = {
				ALWAYS_SEARCH_USER_PATHS = NO;
				CLANG_ANALYZER_NONNULL = YES;
				CLANG_ANALYZER_NUMBER_OBJECT_CONVERSION = YES_AGGRESSIVE;
				CLANG_CXX_LANGUAGE_STANDARD = "gnu++20";
				CLANG_ENABLE_MODULES = YES;
				CLANG_ENABLE_OBJC_ARC = YES;
				CLANG_ENABLE_OBJC_WEAK = YES;
				CLANG_WARN_BLOCK_CAPTURE_AUTORELEASING = YES;
				CLANG_WARN_BOOL_CONVERSION = YES;
				CLANG_WARN_COMMA = YES;
				CLANG_WARN_CONSTANT_CONVERSION = YES;
				CLANG_WARN_DEPRECATED_OBJC_IMPLEMENTATIONS = YES;
				CLANG_WARN_DIRECT_OBJC_ISA_USAGE = YES_ERROR;
				CLANG_WARN_DOCUMENTATION_COMMENTS = YES;
				CLANG_WARN_EMPTY_BODY = YES;
				CLANG_WARN_ENUM_CONVERSION = YES;
				CLANG_WARN_INFINITE_RECURSION = YES;
				CLANG_WARN_INT_CONVERSION = YES;
				CLANG_WARN_NON_LITERAL_NULL_CONVERSION = YES;
				CLANG_WARN_OBJC_IMPLICIT_RETAIN_SELF = YES;
				CLANG_WARN_OBJC_LITERAL_CONVERSION = YES;
				CLANG_WARN_OBJC_ROOT_CLASS = YES_ERROR;
				CLANG_WARN_QUOTED_INCLUDE_IN_FRAMEWORK_HEADER = YES;
				CLANG_WARN_RANGE_LOOP_ANALYSIS = YES;
				CLANG_WARN_STRICT_PROTOTYPES = YES;
				CLANG_WARN_SUSPICIOUS_MOVE = YES;
				CLANG_WARN_UNGUARDED_AVAILABILITY = YES_AGGRESSIVE;
				CLANG_WARN_UNREACHABLE_CODE = YES;
				CLANG_WARN__DUPLICATE_METHOD_MATCH = YES;
				COPY_PHASE_STRIP = NO;
				DEBUG_INFORMATION_FORMAT = dwarf;
				ENABLE_STRICT_OBJC_MSGSEND = YES;
				ENABLE_TESTABILITY = YES;
				GCC_C_LANGUAGE_STANDARD = gnu11;
				GCC_DYNAMIC_NO_PIC = NO;
				GCC_NO_COMMON_BLOCKS = YES;
				GCC_OPTIMIZATION_LEVEL = 0;
				GCC_PREPROCESSOR_DEFINITIONS = (
					"DEBUG=1",
					"$(inherited)",
				);
				GCC_WARN_64_TO_32_BIT_CONVERSION = YES;
				GCC_WARN_ABOUT_RETURN_TYPE = YES_ERROR;
				GCC_WARN_UNDECLARED_SELECTOR = YES;
				GCC_WARN_UNINITIALIZED_AUTOS = YES_AGGRESSIVE;
				GCC_WARN_UNUSED_FUNCTION = YES;
				GCC_WARN_UNUSED_VARIABLE = YES;
				IPHONEOS_DEPLOYMENT_TARGET = 16.2;
				MTL_ENABLE_DEBUG_INFO = INCLUDE_SOURCE;
				MTL_FAST_MATH = YES;
				ONLY_ACTIVE_ARCH = YES;
				SDKROOT = iphoneos;
				SWIFT_ACTIVE_COMPILATION_CONDITIONS = DEBUG;
				SWIFT_OPTIMIZATION_LEVEL = "-Onone";
			};
			name = Debug;
		};
		54005EA429DD604900B7952E /* Release */ = {
			isa = XCBuildConfiguration;
			buildSettings = {
				ALWAYS_SEARCH_USER_PATHS = NO;
				CLANG_ANALYZER_NONNULL = YES;
				CLANG_ANALYZER_NUMBER_OBJECT_CONVERSION = YES_AGGRESSIVE;
				CLANG_CXX_LANGUAGE_STANDARD = "gnu++20";
				CLANG_ENABLE_MODULES = YES;
				CLANG_ENABLE_OBJC_ARC = YES;
				CLANG_ENABLE_OBJC_WEAK = YES;
				CLANG_WARN_BLOCK_CAPTURE_AUTORELEASING = YES;
				CLANG_WARN_BOOL_CONVERSION = YES;
				CLANG_WARN_COMMA = YES;
				CLANG_WARN_CONSTANT_CONVERSION = YES;
				CLANG_WARN_DEPRECATED_OBJC_IMPLEMENTATIONS = YES;
				CLANG_WARN_DIRECT_OBJC_ISA_USAGE = YES_ERROR;
				CLANG_WARN_DOCUMENTATION_COMMENTS = YES;
				CLANG_WARN_EMPTY_BODY = YES;
				CLANG_WARN_ENUM_CONVERSION = YES;
				CLANG_WARN_INFINITE_RECURSION = YES;
				CLANG_WARN_INT_CONVERSION = YES;
				CLANG_WARN_NON_LITERAL_NULL_CONVERSION = YES;
				CLANG_WARN_OBJC_IMPLICIT_RETAIN_SELF = YES;
				CLANG_WARN_OBJC_LITERAL_CONVERSION = YES;
				CLANG_WARN_OBJC_ROOT_CLASS = YES_ERROR;
				CLANG_WARN_QUOTED_INCLUDE_IN_FRAMEWORK_HEADER = YES;
				CLANG_WARN_RANGE_LOOP_ANALYSIS = YES;
				CLANG_WARN_STRICT_PROTOTYPES = YES;
				CLANG_WARN_SUSPICIOUS_MOVE = YES;
				CLANG_WARN_UNGUARDED_AVAILABILITY = YES_AGGRESSIVE;
				CLANG_WARN_UNREACHABLE_CODE = YES;
				CLANG_WARN__DUPLICATE_METHOD_MATCH = YES;
				COPY_PHASE_STRIP = NO;
				DEBUG_INFORMATION_FORMAT = "dwarf-with-dsym";
				ENABLE_NS_ASSERTIONS = NO;
				ENABLE_STRICT_OBJC_MSGSEND = YES;
				GCC_C_LANGUAGE_STANDARD = gnu11;
				GCC_NO_COMMON_BLOCKS = YES;
				GCC_WARN_64_TO_32_BIT_CONVERSION = YES;
				GCC_WARN_ABOUT_RETURN_TYPE = YES_ERROR;
				GCC_WARN_UNDECLARED_SELECTOR = YES;
				GCC_WARN_UNINITIALIZED_AUTOS = YES_AGGRESSIVE;
				GCC_WARN_UNUSED_FUNCTION = YES;
				GCC_WARN_UNUSED_VARIABLE = YES;
				IPHONEOS_DEPLOYMENT_TARGET = 16.2;
				MTL_ENABLE_DEBUG_INFO = NO;
				MTL_FAST_MATH = YES;
				SDKROOT = iphoneos;
				SWIFT_COMPILATION_MODE = wholemodule;
				SWIFT_OPTIMIZATION_LEVEL = "-O";
				VALIDATE_PRODUCT = YES;
			};
			name = Release;
		};
		54005EA629DD604900B7952E /* Debug */ = {
			isa = XCBuildConfiguration;
			buildSettings = {
				ASSETCATALOG_COMPILER_APPICON_NAME = AppIcon;
				ASSETCATALOG_COMPILER_GLOBAL_ACCENT_COLOR_NAME = AccentColor;
				CODE_SIGN_STYLE = Automatic;
				CURRENT_PROJECT_VERSION = 1;
				DEVELOPMENT_TEAM = KS5GD74J24;
				GENERATE_INFOPLIST_FILE = YES;
				INFOPLIST_FILE = EssentialFeed/Info.plist;
				INFOPLIST_KEY_UIApplicationSupportsIndirectInputEvents = YES;
				INFOPLIST_KEY_UILaunchStoryboardName = LaunchScreen;
				INFOPLIST_KEY_UIMainStoryboardFile = Main;
				INFOPLIST_KEY_UISupportedInterfaceOrientations_iPad = "UIInterfaceOrientationPortrait UIInterfaceOrientationPortraitUpsideDown UIInterfaceOrientationLandscapeLeft UIInterfaceOrientationLandscapeRight";
				INFOPLIST_KEY_UISupportedInterfaceOrientations_iPhone = "UIInterfaceOrientationPortrait UIInterfaceOrientationLandscapeLeft UIInterfaceOrientationLandscapeRight";
				LD_RUNPATH_SEARCH_PATHS = (
					"$(inherited)",
					"@executable_path/Frameworks",
				);
				MARKETING_VERSION = 1.0;
				PRODUCT_BUNDLE_IDENTIFIER = com.test.app.EssentialFeed;
				PRODUCT_NAME = "$(TARGET_NAME)";
				SWIFT_EMIT_LOC_STRINGS = YES;
				SWIFT_VERSION = 5.0;
				TARGETED_DEVICE_FAMILY = "1,2";
			};
			name = Debug;
		};
		54005EA729DD604900B7952E /* Release */ = {
			isa = XCBuildConfiguration;
			buildSettings = {
				ASSETCATALOG_COMPILER_APPICON_NAME = AppIcon;
				ASSETCATALOG_COMPILER_GLOBAL_ACCENT_COLOR_NAME = AccentColor;
				CODE_SIGN_STYLE = Automatic;
				CURRENT_PROJECT_VERSION = 1;
				DEVELOPMENT_TEAM = KS5GD74J24;
				GENERATE_INFOPLIST_FILE = YES;
				INFOPLIST_FILE = EssentialFeed/Info.plist;
				INFOPLIST_KEY_UIApplicationSupportsIndirectInputEvents = YES;
				INFOPLIST_KEY_UILaunchStoryboardName = LaunchScreen;
				INFOPLIST_KEY_UIMainStoryboardFile = Main;
				INFOPLIST_KEY_UISupportedInterfaceOrientations_iPad = "UIInterfaceOrientationPortrait UIInterfaceOrientationPortraitUpsideDown UIInterfaceOrientationLandscapeLeft UIInterfaceOrientationLandscapeRight";
				INFOPLIST_KEY_UISupportedInterfaceOrientations_iPhone = "UIInterfaceOrientationPortrait UIInterfaceOrientationLandscapeLeft UIInterfaceOrientationLandscapeRight";
				LD_RUNPATH_SEARCH_PATHS = (
					"$(inherited)",
					"@executable_path/Frameworks",
				);
				MARKETING_VERSION = 1.0;
				PRODUCT_BUNDLE_IDENTIFIER = com.test.app.EssentialFeed;
				PRODUCT_NAME = "$(TARGET_NAME)";
				SWIFT_EMIT_LOC_STRINGS = YES;
				SWIFT_VERSION = 5.0;
				TARGETED_DEVICE_FAMILY = "1,2";
			};
			name = Release;
		};
		54005EA929DD604900B7952E /* Debug */ = {
			isa = XCBuildConfiguration;
			buildSettings = {
				ALWAYS_EMBED_SWIFT_STANDARD_LIBRARIES = YES;
				BUNDLE_LOADER = "$(TEST_HOST)";
				CODE_SIGN_STYLE = Automatic;
				CURRENT_PROJECT_VERSION = 1;
				DEVELOPMENT_TEAM = KS5GD74J24;
				GENERATE_INFOPLIST_FILE = YES;
				IPHONEOS_DEPLOYMENT_TARGET = 16.2;
				MARKETING_VERSION = 1.0;
				PRODUCT_BUNDLE_IDENTIFIER = com.test.app.EssentialFeedTests;
				PRODUCT_NAME = "$(TARGET_NAME)";
				SWIFT_EMIT_LOC_STRINGS = NO;
				SWIFT_VERSION = 5.0;
				TARGETED_DEVICE_FAMILY = "1,2";
				TEST_HOST = "$(BUILT_PRODUCTS_DIR)/EssentialFeed.app/$(BUNDLE_EXECUTABLE_FOLDER_PATH)/EssentialFeed";
			};
			name = Debug;
		};
		54005EAA29DD604900B7952E /* Release */ = {
			isa = XCBuildConfiguration;
			buildSettings = {
				ALWAYS_EMBED_SWIFT_STANDARD_LIBRARIES = YES;
				BUNDLE_LOADER = "$(TEST_HOST)";
				CODE_SIGN_STYLE = Automatic;
				CURRENT_PROJECT_VERSION = 1;
				DEVELOPMENT_TEAM = KS5GD74J24;
				GENERATE_INFOPLIST_FILE = YES;
				IPHONEOS_DEPLOYMENT_TARGET = 16.2;
				MARKETING_VERSION = 1.0;
				PRODUCT_BUNDLE_IDENTIFIER = com.test.app.EssentialFeedTests;
				PRODUCT_NAME = "$(TARGET_NAME)";
				SWIFT_EMIT_LOC_STRINGS = NO;
				SWIFT_VERSION = 5.0;
				TARGETED_DEVICE_FAMILY = "1,2";
				TEST_HOST = "$(BUILT_PRODUCTS_DIR)/EssentialFeed.app/$(BUNDLE_EXECUTABLE_FOLDER_PATH)/EssentialFeed";
			};
			name = Release;
		};
		54005EAC29DD604900B7952E /* Debug */ = {
			isa = XCBuildConfiguration;
			buildSettings = {
				ALWAYS_EMBED_SWIFT_STANDARD_LIBRARIES = YES;
				CODE_SIGN_STYLE = Automatic;
				CURRENT_PROJECT_VERSION = 1;
				DEVELOPMENT_TEAM = KS5GD74J24;
				GENERATE_INFOPLIST_FILE = YES;
				MARKETING_VERSION = 1.0;
				PRODUCT_BUNDLE_IDENTIFIER = com.test.app.EssentialFeedUITests;
				PRODUCT_NAME = "$(TARGET_NAME)";
				SWIFT_EMIT_LOC_STRINGS = NO;
				SWIFT_VERSION = 5.0;
				TARGETED_DEVICE_FAMILY = "1,2";
				TEST_TARGET_NAME = EssentialFeed;
			};
			name = Debug;
		};
		54005EAD29DD604900B7952E /* Release */ = {
			isa = XCBuildConfiguration;
			buildSettings = {
				ALWAYS_EMBED_SWIFT_STANDARD_LIBRARIES = YES;
				CODE_SIGN_STYLE = Automatic;
				CURRENT_PROJECT_VERSION = 1;
				DEVELOPMENT_TEAM = KS5GD74J24;
				GENERATE_INFOPLIST_FILE = YES;
				MARKETING_VERSION = 1.0;
				PRODUCT_BUNDLE_IDENTIFIER = com.test.app.EssentialFeedUITests;
				PRODUCT_NAME = "$(TARGET_NAME)";
				SWIFT_EMIT_LOC_STRINGS = NO;
				SWIFT_VERSION = 5.0;
				TARGETED_DEVICE_FAMILY = "1,2";
				TEST_TARGET_NAME = EssentialFeed;
			};
			name = Release;
		};
		54AA0A532A014B5A001F10C2 /* Debug */ = {
			isa = XCBuildConfiguration;
			buildSettings = {
				BUNDLE_LOADER = "$(TEST_HOST)";
				CODE_SIGN_STYLE = Automatic;
				CURRENT_PROJECT_VERSION = 1;
				DEVELOPMENT_TEAM = KS5GD74J24;
				GENERATE_INFOPLIST_FILE = YES;
				MARKETING_VERSION = 1.0;
				PRODUCT_BUNDLE_IDENTIFIER = com.test.app.EssentialFeedAPIEndToEndTests;
				PRODUCT_NAME = "$(TARGET_NAME)";
				SWIFT_EMIT_LOC_STRINGS = NO;
				SWIFT_VERSION = 5.0;
				TARGETED_DEVICE_FAMILY = "1,2";
				TEST_HOST = "$(BUILT_PRODUCTS_DIR)/EssentialFeed.app/$(BUNDLE_EXECUTABLE_FOLDER_PATH)/EssentialFeed";
			};
			name = Debug;
		};
		54AA0A542A014B5A001F10C2 /* Release */ = {
			isa = XCBuildConfiguration;
			buildSettings = {
				BUNDLE_LOADER = "$(TEST_HOST)";
				CODE_SIGN_STYLE = Automatic;
				CURRENT_PROJECT_VERSION = 1;
				DEVELOPMENT_TEAM = KS5GD74J24;
				GENERATE_INFOPLIST_FILE = YES;
				MARKETING_VERSION = 1.0;
				PRODUCT_BUNDLE_IDENTIFIER = com.test.app.EssentialFeedAPIEndToEndTests;
				PRODUCT_NAME = "$(TARGET_NAME)";
				SWIFT_EMIT_LOC_STRINGS = NO;
				SWIFT_VERSION = 5.0;
				TARGETED_DEVICE_FAMILY = "1,2";
				TEST_HOST = "$(BUILT_PRODUCTS_DIR)/EssentialFeed.app/$(BUNDLE_EXECUTABLE_FOLDER_PATH)/EssentialFeed";
			};
			name = Release;
		};
/* End XCBuildConfiguration section */

/* Begin XCConfigurationList section */
		54005E7629DD604700B7952E /* Build configuration list for PBXProject "EssentialFeed" */ = {
			isa = XCConfigurationList;
			buildConfigurations = (
				54005EA329DD604900B7952E /* Debug */,
				54005EA429DD604900B7952E /* Release */,
			);
			defaultConfigurationIsVisible = 0;
			defaultConfigurationName = Release;
		};
		54005EA529DD604900B7952E /* Build configuration list for PBXNativeTarget "EssentialFeed" */ = {
			isa = XCConfigurationList;
			buildConfigurations = (
				54005EA629DD604900B7952E /* Debug */,
				54005EA729DD604900B7952E /* Release */,
			);
			defaultConfigurationIsVisible = 0;
			defaultConfigurationName = Release;
		};
		54005EA829DD604900B7952E /* Build configuration list for PBXNativeTarget "EssentialFeedTests" */ = {
			isa = XCConfigurationList;
			buildConfigurations = (
				54005EA929DD604900B7952E /* Debug */,
				54005EAA29DD604900B7952E /* Release */,
			);
			defaultConfigurationIsVisible = 0;
			defaultConfigurationName = Release;
		};
		54005EAB29DD604900B7952E /* Build configuration list for PBXNativeTarget "EssentialFeedUITests" */ = {
			isa = XCConfigurationList;
			buildConfigurations = (
				54005EAC29DD604900B7952E /* Debug */,
				54005EAD29DD604900B7952E /* Release */,
			);
			defaultConfigurationIsVisible = 0;
			defaultConfigurationName = Release;
		};
		54AA0A522A014B5A001F10C2 /* Build configuration list for PBXNativeTarget "EssentialFeedAPIEndToEndTests" */ = {
			isa = XCConfigurationList;
			buildConfigurations = (
				54AA0A532A014B5A001F10C2 /* Debug */,
				54AA0A542A014B5A001F10C2 /* Release */,
			);
			defaultConfigurationIsVisible = 0;
			defaultConfigurationName = Release;
		};
/* End XCConfigurationList section */
	};
	rootObject = 54005E7329DD604700B7952E /* Project object */;
}
